
Microsoft Visual Studio Solution File, Format Version 11.00
# Visual C# Express 2010
Project("{FAE04EC0-301F-11D3-BF4B-00C04F79EFBC}") = "Super Mario Limitless", "Super Mario Limitless\Super Mario Limitless\Super Mario Limitless.csproj", "{2EAE79AF-47CA-4633-A43F-F3A4F3CA6FCF}"
EndProject
Project("{FAE04EC0-301F-11D3-BF4B-00C04F79EFBC}") = "Super Mario Limitless - Content", "Super Mario Limitless\Super Mario Limitless - Content\Super Mario Limitless - Content.contentproj", "{AD407403-99FE-4E85-B98F-43D8DAC442E6}"
EndProject
Global
	GlobalSection(SolutionConfigurationPlatforms) = preSolution
		Debug|x86 = Debug|x86
		Release|x86 = Release|x86
	EndGlobalSection
	GlobalSection(ProjectConfigurationPlatforms) = postSolution
		{2EAE79AF-47CA-4633-A43F-F3A4F3CA6FCF}.Debug|x86.ActiveCfg = Debug|x86
		{2EAE79AF-47CA-4633-A43F-F3A4F3CA6FCF}.Debug|x86.Build.0 = Debug|x86
		{2EAE79AF-47CA-4633-A43F-F3A4F3CA6FCF}.Release|x86.ActiveCfg = Release|x86
		{2EAE79AF-47CA-4633-A43F-F3A4F3CA6FCF}.Release|x86.Build.0 = Release|x86
		{AD407403-99FE-4E85-B98F-43D8DAC442E6}.Debug|x86.ActiveCfg = Debug|x86
		{AD407403-99FE-4E85-B98F-43D8DAC442E6}.Release|x86.ActiveCfg = Release|x86
	EndGlobalSection
	GlobalSection(SolutionProperties) = preSolution
		HideSolutionNode = FALSE
	EndGlobalSection
EndGlobal
